
Microsoft Visual Studio Solution File, Format Version 12.00
# Visual Studio Version 16
VisualStudioVersion = 16.0.32228.343
MinimumVisualStudioVersion = 10.0.40219.1
Project("{FAE04EC0-301F-11D3-BF4B-00C04F79EFBC}") = "Mathematics", "Mathematics.csproj", "{CF60003E-D0C7-42E6-B965-906DD7058A2D}"
EndProject
Project("{FAE04EC0-301F-11D3-BF4B-00C04F79EFBC}") = "DSAExecutable", "..\DSAExecutable\DSAExecutable.csproj", "{BFD66534-EEC7-4F93-ABBB-9545DFE686A9}"
EndProject
Global
	GlobalSection(SolutionConfigurationPlatforms) = preSolution
		Debug|Any CPU = Debug|Any CPU
		Release|Any CPU = Release|Any CPU
	EndGlobalSection
	GlobalSection(ProjectConfigurationPlatforms) = postSolution
		{CF60003E-D0C7-42E6-B965-906DD7058A2D}.Debug|Any CPU.ActiveCfg = Debug|Any CPU
		{CF60003E-D0C7-42E6-B965-906DD7058A2D}.Debug|Any CPU.Build.0 = Debug|Any CPU
		{CF60003E-D0C7-42E6-B965-906DD7058A2D}.Release|Any CPU.ActiveCfg = Release|Any CPU
		{CF60003E-D0C7-42E6-B965-906DD7058A2D}.Release|Any CPU.Build.0 = Release|Any CPU
		{BFD66534-EEC7-4F93-ABBB-9545DFE686A9}.Debug|Any CPU.ActiveCfg = Debug|Any CPU
		{BFD66534-EEC7-4F93-ABBB-9545DFE686A9}.Debug|Any CPU.Build.0 = Debug|Any CPU
		{BFD66534-EEC7-4F93-ABBB-9545DFE686A9}.Release|Any CPU.ActiveCfg = Release|Any CPU
		{BFD66534-EEC7-4F93-ABBB-9545DFE686A9}.Release|Any CPU.Build.0 = Release|Any CPU
	EndGlobalSection
	GlobalSection(SolutionProperties) = preSolution
		HideSolutionNode = FALSE
	EndGlobalSection
	GlobalSection(ExtensibilityGlobals) = postSolution
		SolutionGuid = {E642196D-1C8B-473D-8832-A7CD69218ABE}
	EndGlobalSection
EndGlobal
